
Microsoft Visual Studio Solution File, Format Version 12.00
Project("{FAE04EC0-301F-11D3-BF4B-00C04F79EFBC}") = "AoiHosizora.Swagger", "AoiHosizora.Swagger.csproj", "{7D2233F5-CE11-44C0-8D92-F6F65A2CD95F}"
EndProject
Global
	GlobalSection(SolutionConfigurationPlatforms) = preSolution
		Debug|Any CPU = Debug|Any CPU
		Release|Any CPU = Release|Any CPU
	EndGlobalSection
	GlobalSection(ProjectConfigurationPlatforms) = postSolution
		{7D2233F5-CE11-44C0-8D92-F6F65A2CD95F}.Debug|Any CPU.ActiveCfg = Debug|Any CPU
		{7D2233F5-CE11-44C0-8D92-F6F65A2CD95F}.Debug|Any CPU.Build.0 = Debug|Any CPU
		{7D2233F5-CE11-44C0-8D92-F6F65A2CD95F}.Release|Any CPU.ActiveCfg = Release|Any CPU
		{7D2233F5-CE11-44C0-8D92-F6F65A2CD95F}.Release|Any CPU.Build.0 = Release|Any CPU
	EndGlobalSection
EndGlobal
